// !$*UTF8*$!
{
	archiveVersion = 1;
	classes = {
	};
	objectVersion = 46;
	objects = {

/* Begin PBXBuildFile section */
		1F37682B1C91412000105F3E /* main.m in Sources */ = {isa = PBXBuildFile; fileRef = 1F37682A1C91412000105F3E /* main.m */; };
		1F37682E1C91412000105F3E /* AppDelegate.m in Sources */ = {isa = PBXBuildFile; fileRef = 1F37682D1C91412000105F3E /* AppDelegate.m */; };
		1F3768311C91412000105F3E /* ViewController.m in Sources */ = {isa = PBXBuildFile; fileRef = 1F3768301C91412000105F3E /* ViewController.m */; };
		1F3768341C91412000105F3E /* Main.storyboard in Resources */ = {isa = PBXBuildFile; fileRef = 1F3768321C91412000105F3E /* Main.storyboard */; };
		1F3768361C91412000105F3E /* Assets.xcassets in Resources */ = {isa = PBXBuildFile; fileRef = 1F3768351C91412000105F3E /* Assets.xcassets */; };
		1F3768391C91412000105F3E /* LaunchScreen.storyboard in Resources */ = {isa = PBXBuildFile; fileRef = 1F3768371C91412000105F3E /* LaunchScreen.storyboard */; };
		1F3768441C91412000105F3E /* LockDemoTests.m in Sources */ = {isa = PBXBuildFile; fileRef = 1F3768431C91412000105F3E /* LockDemoTests.m */; };
		1F37684F1C91412000105F3E /* LockDemoUITests.m in Sources */ = {isa = PBXBuildFile; fileRef = 1F37684E1C91412000105F3E /* LockDemoUITests.m */; };
		1F3768761C9142B700105F3E /* MASCompositeConstraint.m in Sources */ = {isa = PBXBuildFile; fileRef = 1F37685E1C9142B700105F3E /* MASCompositeConstraint.m */; };
		1F3768771C9142B700105F3E /* MASConstraint.m in Sources */ = {isa = PBXBuildFile; fileRef = 1F3768611C9142B700105F3E /* MASConstraint.m */; };
		1F3768781C9142B700105F3E /* MASConstraintMaker.m in Sources */ = {isa = PBXBuildFile; fileRef = 1F3768631C9142B700105F3E /* MASConstraintMaker.m */; };
		1F3768791C9142B700105F3E /* MASLayoutConstraint.m in Sources */ = {isa = PBXBuildFile; fileRef = 1F3768651C9142B700105F3E /* MASLayoutConstraint.m */; };
		1F37687A1C9142B700105F3E /* MASViewAttribute.m in Sources */ = {isa = PBXBuildFile; fileRef = 1F3768691C9142B700105F3E /* MASViewAttribute.m */; };
		1F37687B1C9142B700105F3E /* MASViewConstraint.m in Sources */ = {isa = PBXBuildFile; fileRef = 1F37686B1C9142B700105F3E /* MASViewConstraint.m */; };
		1F37687C1C9142B700105F3E /* NSArray+MASAdditions.m in Sources */ = {isa = PBXBuildFile; fileRef = 1F37686D1C9142B700105F3E /* NSArray+MASAdditions.m */; };
		1F37687D1C9142B700105F3E /* NSLayoutConstraint+MASDebugAdditions.m in Sources */ = {isa = PBXBuildFile; fileRef = 1F3768701C9142B700105F3E /* NSLayoutConstraint+MASDebugAdditions.m */; };
		1F37687E1C9142B700105F3E /* View+MASAdditions.m in Sources */ = {isa = PBXBuildFile; fileRef = 1F3768721C9142B700105F3E /* View+MASAdditions.m */; };
		1F37687F1C9142B700105F3E /* ViewController+MASAdditions.m in Sources */ = {isa = PBXBuildFile; fileRef = 1F3768751C9142B700105F3E /* ViewController+MASAdditions.m */; };
		1F3768821C914AC800105F3E /* LockViewController.m in Sources */ = {isa = PBXBuildFile; fileRef = 1F3768811C914AC800105F3E /* LockViewController.m */; };
		1F3768851C915B4F00105F3E /* JinnLockCircle.m in Sources */ = {isa = PBXBuildFile; fileRef = 1F3768841C915B4F00105F3E /* JinnLockCircle.m */; };
		1F3768891C9166AC00105F3E /* JinnLockSudoko.m in Sources */ = {isa = PBXBuildFile; fileRef = 1F3768881C9166AC00105F3E /* JinnLockSudoko.m */; };
		1F9DA8F91C92992F0048D6C2 /* LockPassword.m in Sources */ = {isa = PBXBuildFile; fileRef = 1F9DA8F81C92992F0048D6C2 /* LockPassword.m */; };
/* End PBXBuildFile section */

/* Begin PBXContainerItemProxy section */
		1F3768401C91412000105F3E /* PBXContainerItemProxy */ = {
			isa = PBXContainerItemProxy;
			containerPortal = 1F37681E1C91412000105F3E /* Project object */;
			proxyType = 1;
			remoteGlobalIDString = 1F3768251C91412000105F3E;
			remoteInfo = LockDemo;
		};
		1F37684B1C91412000105F3E /* PBXContainerItemProxy */ = {
			isa = PBXContainerItemProxy;
			containerPortal = 1F37681E1C91412000105F3E /* Project object */;
			proxyType = 1;
			remoteGlobalIDString = 1F3768251C91412000105F3E;
			remoteInfo = LockDemo;
		};
/* End PBXContainerItemProxy section */

/* Begin PBXFileReference section */
		1F3768261C91412000105F3E /* LockDemo.app */ = {isa = PBXFileReference; explicitFileType = wrapper.application; includeInIndex = 0; path = LockDemo.app; sourceTree = BUILT_PRODUCTS_DIR; };
		1F37682A1C91412000105F3E /* main.m */ = {isa = PBXFileReference; lastKnownFileType = sourcecode.c.objc; path = main.m; sourceTree = "<group>"; };
		1F37682C1C91412000105F3E /* AppDelegate.h */ = {isa = PBXFileReference; lastKnownFileType = sourcecode.c.h; path = AppDelegate.h; sourceTree = "<group>"; };
		1F37682D1C91412000105F3E /* AppDelegate.m */ = {isa = PBXFileReference; lastKnownFileType = sourcecode.c.objc; path = AppDelegate.m; sourceTree = "<group>"; };
		1F37682F1C91412000105F3E /* ViewController.h */ = {isa = PBXFileReference; lastKnownFileType = sourcecode.c.h; path = ViewController.h; sourceTree = "<group>"; };
		1F3768301C91412000105F3E /* ViewController.m */ = {isa = PBXFileReference; lastKnownFileType = sourcecode.c.objc; path = ViewController.m; sourceTree = "<group>"; };
		1F3768331C91412000105F3E /* Base */ = {isa = PBXFileReference; lastKnownFileType = file.storyboard; name = Base; path = Base.lproj/Main.storyboard; sourceTree = "<group>"; };
		1F3768351C91412000105F3E /* Assets.xcassets */ = {isa = PBXFileReference; lastKnownFileType = folder.assetcatalog; path = Assets.xcassets; sourceTree = "<group>"; };
		1F3768381C91412000105F3E /* Base */ = {isa = PBXFileReference; lastKnownFileType = file.storyboard; name = Base; path = Base.lproj/LaunchScreen.storyboard; sourceTree = "<group>"; };
		1F37683A1C91412000105F3E /* Info.plist */ = {isa = PBXFileReference; lastKnownFileType = text.plist.xml; path = Info.plist; sourceTree = "<group>"; };
		1F37683F1C91412000105F3E /* LockDemoTests.xctest */ = {isa = PBXFileReference; explicitFileType = wrapper.cfbundle; includeInIndex = 0; path = LockDemoTests.xctest; sourceTree = BUILT_PRODUCTS_DIR; };
		1F3768431C91412000105F3E /* LockDemoTests.m */ = {isa = PBXFileReference; lastKnownFileType = sourcecode.c.objc; path = LockDemoTests.m; sourceTree = "<group>"; };
		1F3768451C91412000105F3E /* Info.plist */ = {isa = PBXFileReference; lastKnownFileType = text.plist.xml; path = Info.plist; sourceTree = "<group>"; };
		1F37684A1C91412000105F3E /* LockDemoUITests.xctest */ = {isa = PBXFileReference; explicitFileType = wrapper.cfbundle; includeInIndex = 0; path = LockDemoUITests.xctest; sourceTree = BUILT_PRODUCTS_DIR; };
		1F37684E1C91412000105F3E /* LockDemoUITests.m */ = {isa = PBXFileReference; lastKnownFileType = sourcecode.c.objc; path = LockDemoUITests.m; sourceTree = "<group>"; };
		1F3768501C91412000105F3E /* Info.plist */ = {isa = PBXFileReference; lastKnownFileType = text.plist.xml; path = Info.plist; sourceTree = "<group>"; };
		1F37685D1C9142B700105F3E /* MASCompositeConstraint.h */ = {isa = PBXFileReference; fileEncoding = 4; lastKnownFileType = sourcecode.c.h; path = MASCompositeConstraint.h; sourceTree = "<group>"; };
		1F37685E1C9142B700105F3E /* MASCompositeConstraint.m */ = {isa = PBXFileReference; fileEncoding = 4; lastKnownFileType = sourcecode.c.objc; path = MASCompositeConstraint.m; sourceTree = "<group>"; };
		1F37685F1C9142B700105F3E /* MASConstraint+Private.h */ = {isa = PBXFileReference; fileEncoding = 4; lastKnownFileType = sourcecode.c.h; path = "MASConstraint+Private.h"; sourceTree = "<group>"; };
		1F3768601C9142B700105F3E /* MASConstraint.h */ = {isa = PBXFileReference; fileEncoding = 4; lastKnownFileType = sourcecode.c.h; path = MASConstraint.h; sourceTree = "<group>"; };
		1F3768611C9142B700105F3E /* MASConstraint.m */ = {isa = PBXFileReference; fileEncoding = 4; lastKnownFileType = sourcecode.c.objc; path = MASConstraint.m; sourceTree = "<group>"; };
		1F3768621C9142B700105F3E /* MASConstraintMaker.h */ = {isa = PBXFileReference; fileEncoding = 4; lastKnownFileType = sourcecode.c.h; path = MASConstraintMaker.h; sourceTree = "<group>"; };
		1F3768631C9142B700105F3E /* MASConstraintMaker.m */ = {isa = PBXFileReference; fileEncoding = 4; lastKnownFileType = sourcecode.c.objc; path = MASConstraintMaker.m; sourceTree = "<group>"; };
		1F3768641C9142B700105F3E /* MASLayoutConstraint.h */ = {isa = PBXFileReference; fileEncoding = 4; lastKnownFileType = sourcecode.c.h; path = MASLayoutConstraint.h; sourceTree = "<group>"; };
		1F3768651C9142B700105F3E /* MASLayoutConstraint.m */ = {isa = PBXFileReference; fileEncoding = 4; lastKnownFileType = sourcecode.c.objc; path = MASLayoutConstraint.m; sourceTree = "<group>"; };
		1F3768661C9142B700105F3E /* Masonry.h */ = {isa = PBXFileReference; fileEncoding = 4; lastKnownFileType = sourcecode.c.h; path = Masonry.h; sourceTree = "<group>"; };
		1F3768671C9142B700105F3E /* MASUtilities.h */ = {isa = PBXFileReference; fileEncoding = 4; lastKnownFileType = sourcecode.c.h; path = MASUtilities.h; sourceTree = "<group>"; };
		1F3768681C9142B700105F3E /* MASViewAttribute.h */ = {isa = PBXFileReference; fileEncoding = 4; lastKnownFileType = sourcecode.c.h; path = MASViewAttribute.h; sourceTree = "<group>"; };
		1F3768691C9142B700105F3E /* MASViewAttribute.m */ = {isa = PBXFileReference; fileEncoding = 4; lastKnownFileType = sourcecode.c.objc; path = MASViewAttribute.m; sourceTree = "<group>"; };
		1F37686A1C9142B700105F3E /* MASViewConstraint.h */ = {isa = PBXFileReference; fileEncoding = 4; lastKnownFileType = sourcecode.c.h; path = MASViewConstraint.h; sourceTree = "<group>"; };
		1F37686B1C9142B700105F3E /* MASViewConstraint.m */ = {isa = PBXFileReference; fileEncoding = 4; lastKnownFileType = sourcecode.c.objc; path = MASViewConstraint.m; sourceTree = "<group>"; };
		1F37686C1C9142B700105F3E /* NSArray+MASAdditions.h */ = {isa = PBXFileReference; fileEncoding = 4; lastKnownFileType = sourcecode.c.h; path = "NSArray+MASAdditions.h"; sourceTree = "<group>"; };
		1F37686D1C9142B700105F3E /* NSArray+MASAdditions.m */ = {isa = PBXFileReference; fileEncoding = 4; lastKnownFileType = sourcecode.c.objc; path = "NSArray+MASAdditions.m"; sourceTree = "<group>"; };
		1F37686E1C9142B700105F3E /* NSArray+MASShorthandAdditions.h */ = {isa = PBXFileReference; fileEncoding = 4; lastKnownFileType = sourcecode.c.h; path = "NSArray+MASShorthandAdditions.h"; sourceTree = "<group>"; };
		1F37686F1C9142B700105F3E /* NSLayoutConstraint+MASDebugAdditions.h */ = {isa = PBXFileReference; fileEncoding = 4; lastKnownFileType = sourcecode.c.h; path = "NSLayoutConstraint+MASDebugAdditions.h"; sourceTree = "<group>"; };
		1F3768701C9142B700105F3E /* NSLayoutConstraint+MASDebugAdditions.m */ = {isa = PBXFileReference; fileEncoding = 4; lastKnownFileType = sourcecode.c.objc; path = "NSLayoutConstraint+MASDebugAdditions.m"; sourceTree = "<group>"; };
		1F3768711C9142B700105F3E /* View+MASAdditions.h */ = {isa = PBXFileReference; fileEncoding = 4; lastKnownFileType = sourcecode.c.h; path = "View+MASAdditions.h"; sourceTree = "<group>"; };
		1F3768721C9142B700105F3E /* View+MASAdditions.m */ = {isa = PBXFileReference; fileEncoding = 4; lastKnownFileType = sourcecode.c.objc; path = "View+MASAdditions.m"; sourceTree = "<group>"; };
		1F3768731C9142B700105F3E /* View+MASShorthandAdditions.h */ = {isa = PBXFileReference; fileEncoding = 4; lastKnownFileType = sourcecode.c.h; path = "View+MASShorthandAdditions.h"; sourceTree = "<group>"; };
		1F3768741C9142B700105F3E /* ViewController+MASAdditions.h */ = {isa = PBXFileReference; fileEncoding = 4; lastKnownFileType = sourcecode.c.h; path = "ViewController+MASAdditions.h"; sourceTree = "<group>"; };
		1F3768751C9142B700105F3E /* ViewController+MASAdditions.m */ = {isa = PBXFileReference; fileEncoding = 4; lastKnownFileType = sourcecode.c.objc; path = "ViewController+MASAdditions.m"; sourceTree = "<group>"; };
		1F3768801C914AC800105F3E /* LockViewController.h */ = {isa = PBXFileReference; fileEncoding = 4; lastKnownFileType = sourcecode.c.h; path = LockViewController.h; sourceTree = "<group>"; };
		1F3768811C914AC800105F3E /* LockViewController.m */ = {isa = PBXFileReference; fileEncoding = 4; lastKnownFileType = sourcecode.c.objc; path = LockViewController.m; sourceTree = "<group>"; };
		1F3768831C915B4F00105F3E /* JinnLockCircle.h */ = {isa = PBXFileReference; fileEncoding = 4; lastKnownFileType = sourcecode.c.h; path = JinnLockCircle.h; sourceTree = "<group>"; };
		1F3768841C915B4F00105F3E /* JinnLockCircle.m */ = {isa = PBXFileReference; fileEncoding = 4; lastKnownFileType = sourcecode.c.objc; path = JinnLockCircle.m; sourceTree = "<group>"; };
		1F3768861C915B6500105F3E /* JinnLockConfig.h */ = {isa = PBXFileReference; fileEncoding = 4; lastKnownFileType = sourcecode.c.h; path = JinnLockConfig.h; sourceTree = "<group>"; };
		1F3768871C9166AC00105F3E /* JinnLockSudoko.h */ = {isa = PBXFileReference; fileEncoding = 4; lastKnownFileType = sourcecode.c.h; path = JinnLockSudoko.h; sourceTree = "<group>"; };
		1F3768881C9166AC00105F3E /* JinnLockSudoko.m */ = {isa = PBXFileReference; fileEncoding = 4; lastKnownFileType = sourcecode.c.objc; path = JinnLockSudoko.m; sourceTree = "<group>"; };
		1F9DA8F71C92992F0048D6C2 /* LockPassword.h */ = {isa = PBXFileReference; fileEncoding = 4; lastKnownFileType = sourcecode.c.h; path = LockPassword.h; sourceTree = "<group>"; };
		1F9DA8F81C92992F0048D6C2 /* LockPassword.m */ = {isa = PBXFileReference; fileEncoding = 4; lastKnownFileType = sourcecode.c.objc; path = LockPassword.m; sourceTree = "<group>"; };
/* End PBXFileReference section */

/* Begin PBXFrameworksBuildPhase section */
		1F3768231C91412000105F3E /* Frameworks */ = {
			isa = PBXFrameworksBuildPhase;
			buildActionMask = 2147483647;
			files = (
			);
			runOnlyForDeploymentPostprocessing = 0;
		};
		1F37683C1C91412000105F3E /* Frameworks */ = {
			isa = PBXFrameworksBuildPhase;
			buildActionMask = 2147483647;
			files = (
			);
			runOnlyForDeploymentPostprocessing = 0;
		};
		1F3768471C91412000105F3E /* Frameworks */ = {
			isa = PBXFrameworksBuildPhase;
			buildActionMask = 2147483647;
			files = (
			);
			runOnlyForDeploymentPostprocessing = 0;
		};
/* End PBXFrameworksBuildPhase section */

/* Begin PBXGroup section */
		1F37681D1C91412000105F3E = {
			isa = PBXGroup;
			children = (
				1F3768281C91412000105F3E /* LockDemo */,
				1F3768421C91412000105F3E /* LockDemoTests */,
				1F37684D1C91412000105F3E /* LockDemoUITests */,
				1F3768271C91412000105F3E /* Products */,
			);
			sourceTree = "<group>";
		};
		1F3768271C91412000105F3E /* Products */ = {
			isa = PBXGroup;
			children = (
				1F3768261C91412000105F3E /* LockDemo.app */,
				1F37683F1C91412000105F3E /* LockDemoTests.xctest */,
				1F37684A1C91412000105F3E /* LockDemoUITests.xctest */,
			);
			name = Products;
			sourceTree = "<group>";
		};
		1F3768281C91412000105F3E /* LockDemo */ = {
			isa = PBXGroup;
			children = (
				1F3768831C915B4F00105F3E /* JinnLockCircle.h */,
				1F3768841C915B4F00105F3E /* JinnLockCircle.m */,
				1F3768861C915B6500105F3E /* JinnLockConfig.h */,
				1F37682C1C91412000105F3E /* AppDelegate.h */,
				1F37682D1C91412000105F3E /* AppDelegate.m */,
				1F3768871C9166AC00105F3E /* JinnLockSudoko.h */,
				1F3768881C9166AC00105F3E /* JinnLockSudoko.m */,
				1F37682F1C91412000105F3E /* ViewController.h */,
				1F3768301C91412000105F3E /* ViewController.m */,
				1F3768801C914AC800105F3E /* LockViewController.h */,
				1F3768811C914AC800105F3E /* LockViewController.m */,
				1F9DA8F71C92992F0048D6C2 /* LockPassword.h */,
				1F9DA8F81C92992F0048D6C2 /* LockPassword.m */,
				1F3768321C91412000105F3E /* Main.storyboard */,
				1F3768351C91412000105F3E /* Assets.xcassets */,
				1F3768371C91412000105F3E /* LaunchScreen.storyboard */,
				1F37683A1C91412000105F3E /* Info.plist */,
				1F3768291C91412000105F3E /* Supporting Files */,
			);
			path = LockDemo;
			sourceTree = "<group>";
		};
		1F3768291C91412000105F3E /* Supporting Files */ = {
			isa = PBXGroup;
			children = (
				1F37685C1C9142B700105F3E /* Masonry */,
				1F37682A1C91412000105F3E /* main.m */,
			);
			name = "Supporting Files";
			sourceTree = "<group>";
		};
		1F3768421C91412000105F3E /* LockDemoTests */ = {
			isa = PBXGroup;
			children = (
				1F3768431C91412000105F3E /* LockDemoTests.m */,
				1F3768451C91412000105F3E /* Info.plist */,
			);
			path = LockDemoTests;
			sourceTree = "<group>";
		};
		1F37684D1C91412000105F3E /* LockDemoUITests */ = {
			isa = PBXGroup;
			children = (
				1F37684E1C91412000105F3E /* LockDemoUITests.m */,
				1F3768501C91412000105F3E /* Info.plist */,
			);
			path = LockDemoUITests;
			sourceTree = "<group>";
		};
		1F37685C1C9142B700105F3E /* Masonry */ = {
			isa = PBXGroup;
			children = (
				1F37685D1C9142B700105F3E /* MASCompositeConstraint.h */,
				1F37685E1C9142B700105F3E /* MASCompositeConstraint.m */,
				1F37685F1C9142B700105F3E /* MASConstraint+Private.h */,
				1F3768601C9142B700105F3E /* MASConstraint.h */,
				1F3768611C9142B700105F3E /* MASConstraint.m */,
				1F3768621C9142B700105F3E /* MASConstraintMaker.h */,
				1F3768631C9142B700105F3E /* MASConstraintMaker.m */,
				1F3768641C9142B700105F3E /* MASLayoutConstraint.h */,
				1F3768651C9142B700105F3E /* MASLayoutConstraint.m */,
				1F3768661C9142B700105F3E /* Masonry.h */,
				1F3768671C9142B700105F3E /* MASUtilities.h */,
				1F3768681C9142B700105F3E /* MASViewAttribute.h */,
				1F3768691C9142B700105F3E /* MASViewAttribute.m */,
				1F37686A1C9142B700105F3E /* MASViewConstraint.h */,
				1F37686B1C9142B700105F3E /* MASViewConstraint.m */,
				1F37686C1C9142B700105F3E /* NSArray+MASAdditions.h */,
				1F37686D1C9142B700105F3E /* NSArray+MASAdditions.m */,
				1F37686E1C9142B700105F3E /* NSArray+MASShorthandAdditions.h */,
				1F37686F1C9142B700105F3E /* NSLayoutConstraint+MASDebugAdditions.h */,
				1F3768701C9142B700105F3E /* NSLayoutConstraint+MASDebugAdditions.m */,
				1F3768711C9142B700105F3E /* View+MASAdditions.h */,
				1F3768721C9142B700105F3E /* View+MASAdditions.m */,
				1F3768731C9142B700105F3E /* View+MASShorthandAdditions.h */,
				1F3768741C9142B700105F3E /* ViewController+MASAdditions.h */,
				1F3768751C9142B700105F3E /* ViewController+MASAdditions.m */,
			);
			path = Masonry;
			sourceTree = "<group>";
		};
/* End PBXGroup section */

/* Begin PBXNativeTarget section */
		1F3768251C91412000105F3E /* LockDemo */ = {
			isa = PBXNativeTarget;
			buildConfigurationList = 1F3768531C91412000105F3E /* Build configuration list for PBXNativeTarget "LockDemo" */;
			buildPhases = (
				1F3768221C91412000105F3E /* Sources */,
				1F3768231C91412000105F3E /* Frameworks */,
				1F3768241C91412000105F3E /* Resources */,
			);
			buildRules = (
			);
			dependencies = (
			);
			name = LockDemo;
			productName = LockDemo;
			productReference = 1F3768261C91412000105F3E /* LockDemo.app */;
			productType = "com.apple.product-type.application";
		};
		1F37683E1C91412000105F3E /* LockDemoTests */ = {
			isa = PBXNativeTarget;
			buildConfigurationList = 1F3768561C91412000105F3E /* Build configuration list for PBXNativeTarget "LockDemoTests" */;
			buildPhases = (
				1F37683B1C91412000105F3E /* Sources */,
				1F37683C1C91412000105F3E /* Frameworks */,
				1F37683D1C91412000105F3E /* Resources */,
			);
			buildRules = (
			);
			dependencies = (
				1F3768411C91412000105F3E /* PBXTargetDependency */,
			);
			name = LockDemoTests;
			productName = LockDemoTests;
			productReference = 1F37683F1C91412000105F3E /* LockDemoTests.xctest */;
			productType = "com.apple.product-type.bundle.unit-test";
		};
		1F3768491C91412000105F3E /* LockDemoUITests */ = {
			isa = PBXNativeTarget;
			buildConfigurationList = 1F3768591C91412000105F3E /* Build configuration list for PBXNativeTarget "LockDemoUITests" */;
			buildPhases = (
				1F3768461C91412000105F3E /* Sources */,
				1F3768471C91412000105F3E /* Frameworks */,
				1F3768481C91412000105F3E /* Resources */,
			);
			buildRules = (
			);
			dependencies = (
				1F37684C1C91412000105F3E /* PBXTargetDependency */,
			);
			name = LockDemoUITests;
			productName = LockDemoUITests;
			productReference = 1F37684A1C91412000105F3E /* LockDemoUITests.xctest */;
			productType = "com.apple.product-type.bundle.ui-testing";
		};
/* End PBXNativeTarget section */

/* Begin PBXProject section */
		1F37681E1C91412000105F3E /* Project object */ = {
			isa = PBXProject;
			attributes = {
				LastUpgradeCheck = 0720;
				ORGANIZATIONNAME = "peng yan";
				TargetAttributes = {
					1F3768251C91412000105F3E = {
						CreatedOnToolsVersion = 7.2.1;
					};
					1F37683E1C91412000105F3E = {
						CreatedOnToolsVersion = 7.2.1;
						TestTargetID = 1F3768251C91412000105F3E;
					};
					1F3768491C91412000105F3E = {
						CreatedOnToolsVersion = 7.2.1;
						TestTargetID = 1F3768251C91412000105F3E;
					};
				};
			};
			buildConfigurationList = 1F3768211C91412000105F3E /* Build configuration list for PBXProject "LockDemo" */;
			compatibilityVersion = "Xcode 3.2";
			developmentRegion = English;
			hasScannedForEncodings = 0;
			knownRegions = (
				en,
				Base,
			);
			mainGroup = 1F37681D1C91412000105F3E;
			productRefGroup = 1F3768271C91412000105F3E /* Products */;
			projectDirPath = "";
			projectRoot = "";
			targets = (
				1F3768251C91412000105F3E /* LockDemo */,
				1F37683E1C91412000105F3E /* LockDemoTests */,
				1F3768491C91412000105F3E /* LockDemoUITests */,
			);
		};
/* End PBXProject section */

/* Begin PBXResourcesBuildPhase section */
		1F3768241C91412000105F3E /* Resources */ = {
			isa = PBXResourcesBuildPhase;
			buildActionMask = 2147483647;
			files = (
				1F3768391C91412000105F3E /* LaunchScreen.storyboard in Resources */,
				1F3768361C91412000105F3E /* Assets.xcassets in Resources */,
				1F3768341C91412000105F3E /* Main.storyboard in Resources */,
			);
			runOnlyForDeploymentPostprocessing = 0;
		};
		1F37683D1C91412000105F3E /* Resources */ = {
			isa = PBXResourcesBuildPhase;
			buildActionMask = 2147483647;
			files = (
			);
			runOnlyForDeploymentPostprocessing = 0;
		};
		1F3768481C91412000105F3E /* Resources */ = {
			isa = PBXResourcesBuildPhase;
			buildActionMask = 2147483647;
			files = (
			);
			runOnlyForDeploymentPostprocessing = 0;
		};
/* End PBXResourcesBuildPhase section */

/* Begin PBXSourcesBuildPhase section */
		1F3768221C91412000105F3E /* Sources */ = {
			isa = PBXSourcesBuildPhase;
			buildActionMask = 2147483647;
			files = (
				1F37687D1C9142B700105F3E /* NSLayoutConstraint+MASDebugAdditions.m in Sources */,
				1F37687B1C9142B700105F3E /* MASViewConstraint.m in Sources */,
				1F3768761C9142B700105F3E /* MASCompositeConstraint.m in Sources */,
				1F37687C1C9142B700105F3E /* NSArray+MASAdditions.m in Sources */,
				1F3768311C91412000105F3E /* ViewController.m in Sources */,
				1F3768821C914AC800105F3E /* LockViewController.m in Sources */,
				1F37682E1C91412000105F3E /* AppDelegate.m in Sources */,
				1F3768791C9142B700105F3E /* MASLayoutConstraint.m in Sources */,
				1F3768891C9166AC00105F3E /* JinnLockSudoko.m in Sources */,
				1F3768851C915B4F00105F3E /* JinnLockCircle.m in Sources */,
				1F37682B1C91412000105F3E /* main.m in Sources */,
				1F37687F1C9142B700105F3E /* ViewController+MASAdditions.m in Sources */,
				1F37687E1C9142B700105F3E /* View+MASAdditions.m in Sources */,
				1F37687A1C9142B700105F3E /* MASViewAttribute.m in Sources */,
				1F9DA8F91C92992F0048D6C2 /* LockPassword.m in Sources */,
				1F3768771C9142B700105F3E /* MASConstraint.m in Sources */,
				1F3768781C9142B700105F3E /* MASConstraintMaker.m in Sources */,
			);
			runOnlyForDeploymentPostprocessing = 0;
		};
		1F37683B1C91412000105F3E /* Sources */ = {
			isa = PBXSourcesBuildPhase;
			buildActionMask = 2147483647;
			files = (
				1F3768441C91412000105F3E /* LockDemoTests.m in Sources */,
			);
			runOnlyForDeploymentPostprocessing = 0;
		};
		1F3768461C91412000105F3E /* Sources */ = {
			isa = PBXSourcesBuildPhase;
			buildActionMask = 2147483647;
			files = (
				1F37684F1C91412000105F3E /* LockDemoUITests.m in Sources */,
			);
			runOnlyForDeploymentPostprocessing = 0;
		};
/* End PBXSourcesBuildPhase section */

/* Begin PBXTargetDependency section */
		1F3768411C91412000105F3E /* PBXTargetDependency */ = {
			isa = PBXTargetDependency;
			target = 1F3768251C91412000105F3E /* LockDemo */;
			targetProxy = 1F3768401C91412000105F3E /* PBXContainerItemProxy */;
		};
		1F37684C1C91412000105F3E /* PBXTargetDependency */ = {
			isa = PBXTargetDependency;
			target = 1F3768251C91412000105F3E /* LockDemo */;
			targetProxy = 1F37684B1C91412000105F3E /* PBXContainerItemProxy */;
		};
/* End PBXTargetDependency section */

/* Begin PBXVariantGroup section */
		1F3768321C91412000105F3E /* Main.storyboard */ = {
			isa = PBXVariantGroup;
			children = (
				1F3768331C91412000105F3E /* Base */,
			);
			name = Main.storyboard;
			sourceTree = "<group>";
		};
		1F3768371C91412000105F3E /* LaunchScreen.storyboard */ = {
			isa = PBXVariantGroup;
			children = (
				1F3768381C91412000105F3E /* Base */,
			);
			name = LaunchScreen.storyboard;
			sourceTree = "<group>";
		};
/* End PBXVariantGroup section */

/* Begin XCBuildConfiguration section */
		1F3768511C91412000105F3E /* Debug */ = {
			isa = XCBuildConfiguration;
			buildSettings = {
				ALWAYS_SEARCH_USER_PATHS = NO;
				CLANG_CXX_LANGUAGE_STANDARD = "gnu++0x";
				CLANG_CXX_LIBRARY = "libc++";
				CLANG_ENABLE_MODULES = YES;
				CLANG_ENABLE_OBJC_ARC = YES;
				CLANG_WARN_BOOL_CONVERSION = YES;
				CLANG_WARN_CONSTANT_CONVERSION = YES;
				CLANG_WARN_DIRECT_OBJC_ISA_USAGE = YES_ERROR;
				CLANG_WARN_EMPTY_BODY = YES;
				CLANG_WARN_ENUM_CONVERSION = YES;
				CLANG_WARN_INT_CONVERSION = YES;
				CLANG_WARN_OBJC_ROOT_CLASS = YES_ERROR;
				CLANG_WARN_UNREACHABLE_CODE = YES;
				CLANG_WARN__DUPLICATE_METHOD_MATCH = YES;
				"CODE_SIGN_IDENTITY[sdk=iphoneos*]" = "iPhone Developer";
				COPY_PHASE_STRIP = NO;
				DEBUG_INFORMATION_FORMAT = dwarf;
				ENABLE_STRICT_OBJC_MSGSEND = YES;
				ENABLE_TESTABILITY = YES;
				GCC_C_LANGUAGE_STANDARD = gnu99;
				GCC_DYNAMIC_NO_PIC = NO;
				GCC_NO_COMMON_BLOCKS = YES;
				GCC_OPTIMIZATION_LEVEL = 0;
				GCC_PREPROCESSOR_DEFINITIONS = (
					"DEBUG=1",
					"$(inherited)",
				);
				GCC_WARN_64_TO_32_BIT_CONVERSION = YES;
				GCC_WARN_ABOUT_RETURN_TYPE = YES_ERROR;
				GCC_WARN_UNDECLARED_SELECTOR = YES;
				GCC_WARN_UNINITIALIZED_AUTOS = YES_AGGRESSIVE;
				GCC_WARN_UNUSED_FUNCTION = YES;
				GCC_WARN_UNUSED_VARIABLE = YES;
				IPHONEOS_DEPLOYMENT_TARGET = 9.2;
				MTL_ENABLE_DEBUG_INFO = YES;
				ONLY_ACTIVE_ARCH = YES;
				SDKROOT = iphoneos;
				TARGETED_DEVICE_FAMILY = "1,2";
			};
			name = Debug;
		};
		1F3768521C91412000105F3E /* Release */ = {
			isa = XCBuildConfiguration;
			buildSettings = {
				ALWAYS_SEARCH_USER_PATHS = NO;
				CLANG_CXX_LANGUAGE_STANDARD = "gnu++0x";
				CLANG_CXX_LIBRARY = "libc++";
				CLANG_ENABLE_MODULES = YES;
				CLANG_ENABLE_OBJC_ARC = YES;
				CLANG_WARN_BOOL_CONVERSION = YES;
				CLANG_WARN_CONSTANT_CONVERSION = YES;
				CLANG_WARN_DIRECT_OBJC_ISA_USAGE = YES_ERROR;
				CLANG_WARN_EMPTY_BODY = YES;
				CLANG_WARN_ENUM_CONVERSION = YES;
				CLANG_WARN_INT_CONVERSION = YES;
				CLANG_WARN_OBJC_ROOT_CLASS = YES_ERROR;
				CLANG_WARN_UNREACHABLE_CODE = YES;
				CLANG_WARN__DUPLICATE_METHOD_MATCH = YES;
				"CODE_SIGN_IDENTITY[sdk=iphoneos*]" = "iPhone Developer";
				COPY_PHASE_STRIP = NO;
				DEBUG_INFORMATION_FORMAT = "dwarf-with-dsym";
				ENABLE_NS_ASSERTIONS = NO;
				ENABLE_STRICT_OBJC_MSGSEND = YES;
				GCC_C_LANGUAGE_STANDARD = gnu99;
				GCC_NO_COMMON_BLOCKS = YES;
				GCC_WARN_64_TO_32_BIT_CONVERSION = YES;
				GCC_WARN_ABOUT_RETURN_TYPE = YES_ERROR;
				GCC_WARN_UNDECLARED_SELECTOR = YES;
				GCC_WARN_UNINITIALIZED_AUTOS = YES_AGGRESSIVE;
				GCC_WARN_UNUSED_FUNCTION = YES;
				GCC_WARN_UNUSED_VARIABLE = YES;
				IPHONEOS_DEPLOYMENT_TARGET = 9.2;
				MTL_ENABLE_DEBUG_INFO = NO;
				SDKROOT = iphoneos;
				TARGETED_DEVICE_FAMILY = "1,2";
				VALIDATE_PRODUCT = YES;
			};
			name = Release;
		};
		1F3768541C91412000105F3E /* Debug */ = {
			isa = XCBuildConfiguration;
			buildSettings = {
				ASSETCATALOG_COMPILER_APPICON_NAME = AppIcon;
				GCC_PREFIX_HEADER = /Users/pengpengyan/Desktop/LockDemo/LockDemo/JinnLockConfig.h;
				INFOPLIST_FILE = LockDemo/Info.plist;
				LD_RUNPATH_SEARCH_PATHS = "$(inherited) @executable_path/Frameworks";
				PRODUCT_BUNDLE_IDENTIFIER = yan.LockDemo;
				PRODUCT_NAME = "$(TARGET_NAME)";
			};
			name = Debug;
		};
		1F3768551C91412000105F3E /* Release */ = {
			isa = XCBuildConfiguration;
			buildSettings = {
				ASSETCATALOG_COMPILER_APPICON_NAME = AppIcon;
				GCC_PREFIX_HEADER = /Users/pengpengyan/Desktop/LockDemo/LockDemo/JinnLockConfig.h;
				INFOPLIST_FILE = LockDemo/Info.plist;
				LD_RUNPATH_SEARCH_PATHS = "$(inherited) @executable_path/Frameworks";
				PRODUCT_BUNDLE_IDENTIFIER = yan.LockDemo;
				PRODUCT_NAME = "$(TARGET_NAME)";
			};
			name = Release;
		};
		1F3768571C91412000105F3E /* Debug */ = {
			isa = XCBuildConfiguration;
			buildSettings = {
				BUNDLE_LOADER = "$(TEST_HOST)";
				INFOPLIST_FILE = LockDemoTests/Info.plist;
				LD_RUNPATH_SEARCH_PATHS = "$(inherited) @executable_path/Frameworks @loader_path/Frameworks";
				PRODUCT_BUNDLE_IDENTIFIER = yan.LockDemoTests;
				PRODUCT_NAME = "$(TARGET_NAME)";
				TEST_HOST = "$(BUILT_PRODUCTS_DIR)/LockDemo.app/LockDemo";
			};
			name = Debug;
		};
		1F3768581C91412000105F3E /* Release */ = {
			isa = XCBuildConfiguration;
			buildSettings = {
				BUNDLE_LOADER = "$(TEST_HOST)";
				INFOPLIST_FILE = LockDemoTests/Info.plist;
				LD_RUNPATH_SEARCH_PATHS = "$(inherited) @executable_path/Frameworks @loader_path/Frameworks";
				PRODUCT_BUNDLE_IDENTIFIER = yan.LockDemoTests;
				PRODUCT_NAME = "$(TARGET_NAME)";
				TEST_HOST = "$(BUILT_PRODUCTS_DIR)/LockDemo.app/LockDemo";
			};
			name = Release;
		};
		1F37685A1C91412000105F3E /* Debug */ = {
			isa = XCBuildConfiguration;
			buildSettings = {
				INFOPLIST_FILE = LockDemoUITests/Info.plist;
				LD_RUNPATH_SEARCH_PATHS = "$(inherited) @executable_path/Frameworks @loader_path/Frameworks";
				PRODUCT_BUNDLE_IDENTIFIER = yan.LockDemoUITests;
				PRODUCT_NAME = "$(TARGET_NAME)";
				TEST_TARGET_NAME = LockDemo;
				USES_XCTRUNNER = YES;
			};
			name = Debug;
		};
		1F37685B1C91412000105F3E /* Release */ = {
			isa = XCBuildConfiguration;
			buildSettings = {
				INFOPLIST_FILE = LockDemoUITests/Info.plist;
				LD_RUNPATH_SEARCH_PATHS = "$(inherited) @executable_path/Frameworks @loader_path/Frameworks";
				PRODUCT_BUNDLE_IDENTIFIER = yan.LockDemoUITests;
				PRODUCT_NAME = "$(TARGET_NAME)";
				TEST_TARGET_NAME = LockDemo;
				USES_XCTRUNNER = YES;
			};
			name = Release;
		};
/* End XCBuildConfiguration section */

/* Begin XCConfigurationList section */
		1F3768211C91412000105F3E /* Build configuration list for PBXProject "LockDemo" */ = {
			isa = XCConfigurationList;
			buildConfigurations = (
				1F3768511C91412000105F3E /* Debug */,
				1F3768521C91412000105F3E /* Release */,
			);
			defaultConfigurationIsVisible = 0;
			defaultConfigurationName = Release;
		};
		1F3768531C91412000105F3E /* Build configuration list for PBXNativeTarget "LockDemo" */ = {
			isa = XCConfigurationList;
			buildConfigurations = (
				1F3768541C91412000105F3E /* Debug */,
				1F3768551C91412000105F3E /* Release */,
			);
			defaultConfigurationIsVisible = 0;
			defaultConfigurationName = Release;
		};
		1F3768561C91412000105F3E /* Build configuration list for PBXNativeTarget "LockDemoTests" */ = {
			isa = XCConfigurationList;
			buildConfigurations = (
				1F3768571C91412000105F3E /* Debug */,
				1F3768581C91412000105F3E /* Release */,
			);
			defaultConfigurationIsVisible = 0;
			defaultConfigurationName = Release;
		};
		1F3768591C91412000105F3E /* Build configuration list for PBXNativeTarget "LockDemoUITests" */ = {
			isa = XCConfigurationList;
			buildConfigurations = (
				1F37685A1C91412000105F3E /* Debug */,
				1F37685B1C91412000105F3E /* Release */,
			);
			defaultConfigurationIsVisible = 0;
			defaultConfigurationName = Release;
		};
/* End XCConfigurationList section */
	};
	rootObject = 1F37681E1C91412000105F3E /* Project object */;
}
